// !$*UTF8*$!
{
	archiveVersion = 1;
	classes = {
	};
	objectVersion = 50;
	objects = {

/* Begin PBXBuildFile section */
		26BA130DBC01858B0A4E6F55 /* Pods_Mitter.framework in Frameworks */ = {isa = PBXBuildFile; fileRef = D03DA1590C2BF3411E86D67B /* Pods_Mitter.framework */; };
		431CF53D2195B79A002963F0 /* UserRemoteSource.swift in Sources */ = {isa = PBXBuildFile; fileRef = 431CF53C2195B79A002963F0 /* UserRemoteSource.swift */; };
		431CF5412195B81E002963F0 /* UserRepositoryContract.swift in Sources */ = {isa = PBXBuildFile; fileRef = 431CF5402195B81E002963F0 /* UserRepositoryContract.swift */; };
		431CF5432195BA65002963F0 /* UserRepository.swift in Sources */ = {isa = PBXBuildFile; fileRef = 431CF5422195BA65002963F0 /* UserRepository.swift */; };
		431CF5472195BD20002963F0 /* UniParamAction.swift in Sources */ = {isa = PBXBuildFile; fileRef = 431CF5462195BD20002963F0 /* UniParamAction.swift */; };
		4320C5C9219EA9E7003C4B9F /* StandardPayloadTypeNames.swift in Sources */ = {isa = PBXBuildFile; fileRef = 4320C5C8219EA9E7003C4B9F /* StandardPayloadTypeNames.swift */; };
		4320C5CB219EAA37003C4B9F /* StandardMessageType.swift in Sources */ = {isa = PBXBuildFile; fileRef = 4320C5CA219EAA37003C4B9F /* StandardMessageType.swift */; };
		4320C5CD219EAA87003C4B9F /* Message.swift in Sources */ = {isa = PBXBuildFile; fileRef = 4320C5CC219EAA87003C4B9F /* Message.swift */; };
		4320C5CF219EABBB003C4B9F /* MessageDatum.swift in Sources */ = {isa = PBXBuildFile; fileRef = 4320C5CE219EABBB003C4B9F /* MessageDatum.swift */; };
		4320C5D1219EACEB003C4B9F /* TimelineEvent.swift in Sources */ = {isa = PBXBuildFile; fileRef = 4320C5D0219EACEB003C4B9F /* TimelineEvent.swift */; };
		4320C5D3219EBFA7003C4B9F /* StandardTimelineEventTypeNames.swift in Sources */ = {isa = PBXBuildFile; fileRef = 4320C5D2219EBFA7003C4B9F /* StandardTimelineEventTypeNames.swift */; };
		4320C5D9219EDE98003C4B9F /* AppliedAclList.swift in Sources */ = {isa = PBXBuildFile; fileRef = 4320C5D8219EDE98003C4B9F /* AppliedAclList.swift */; };
		4320C5DB219EDFE5003C4B9F /* Metadata.swift in Sources */ = {isa = PBXBuildFile; fileRef = 4320C5DA219EDFE5003C4B9F /* Metadata.swift */; };
		4320C5DD219EE059003C4B9F /* EntityMetadata.swift in Sources */ = {isa = PBXBuildFile; fileRef = 4320C5DC219EE059003C4B9F /* EntityMetadata.swift */; };
		432C5029219D767B002A0EDA /* DeliveryEndpoint.swift in Sources */ = {isa = PBXBuildFile; fileRef = 432C5028219D767B002A0EDA /* DeliveryEndpoint.swift */; };
		432C502B219D78E6002A0EDA /* FcmDeliveryEndpoint.swift in Sources */ = {isa = PBXBuildFile; fileRef = 432C502A219D78E6002A0EDA /* FcmDeliveryEndpoint.swift */; };
		432C502D219D7A87002A0EDA /* StandardEndpointTypes.swift in Sources */ = {isa = PBXBuildFile; fileRef = 432C502C219D7A87002A0EDA /* StandardEndpointTypes.swift */; };
		432C5030219D90AC002A0EDA /* Wrap.swift in Sources */ = {isa = PBXBuildFile; fileRef = 432C502F219D90AC002A0EDA /* Wrap.swift */; };
		432C5032219D9443002A0EDA /* BiParamAction.swift in Sources */ = {isa = PBXBuildFile; fileRef = 432C5031219D9443002A0EDA /* BiParamAction.swift */; };
		432C5034219D981E002A0EDA /* AddFcmDeliveryEndpointAction.swift in Sources */ = {isa = PBXBuildFile; fileRef = 432C5033219D981E002A0EDA /* AddFcmDeliveryEndpointAction.swift */; };
		432C5045219DA2FB002A0EDA /* NetworkLoggerPlugin.swift in Sources */ = {isa = PBXBuildFile; fileRef = 432C5044219DA2FB002A0EDA /* NetworkLoggerPlugin.swift */; };
		439198542191A815003A38FC /* ScreenName.swift in Sources */ = {isa = PBXBuildFile; fileRef = 439198532191A815003A38FC /* ScreenName.swift */; };
		4391985A2191BC23003A38FC /* UserApiService.swift in Sources */ = {isa = PBXBuildFile; fileRef = 439198592191BC23003A38FC /* UserApiService.swift */; };
		4395023D219AF91300E9079C /* UserMetaDefaults.swift in Sources */ = {isa = PBXBuildFile; fileRef = 4395023C219AF91300E9079C /* UserMetaDefaults.swift */; };
		4395023F219AF95500E9079C /* TokenDefaults.swift in Sources */ = {isa = PBXBuildFile; fileRef = 4395023E219AF95500E9079C /* TokenDefaults.swift */; };
		43950241219AFB7100E9079C /* AuthToken.swift in Sources */ = {isa = PBXBuildFile; fileRef = 43950240219AFB7100E9079C /* AuthToken.swift */; };
		43950243219AFBEF00E9079C /* LibDefaults.swift in Sources */ = {isa = PBXBuildFile; fileRef = 43950242219AFBEF00E9079C /* LibDefaults.swift */; };
		43950246219B0C7300E9079C /* ApiAuthPlugin.swift in Sources */ = {isa = PBXBuildFile; fileRef = 43950245219B0C7300E9079C /* ApiAuthPlugin.swift */; };
		4395EA142199665C004DD4A3 /* FetchUserAction.swift in Sources */ = {isa = PBXBuildFile; fileRef = 4395EA132199665C004DD4A3 /* FetchUserAction.swift */; };
		4395EA1821997B22004DD4A3 /* UserApiContainer.swift in Sources */ = {isa = PBXBuildFile; fileRef = 4395EA1721997B22004DD4A3 /* UserApiContainer.swift */; };
		4395EA1F21997E12004DD4A3 /* Constants.swift in Sources */ = {isa = PBXBuildFile; fileRef = 4395EA1E21997E12004DD4A3 /* Constants.swift */; };
		4395EA21219989F0004DD4A3 /* Action.swift in Sources */ = {isa = PBXBuildFile; fileRef = 4395EA20219989F0004DD4A3 /* Action.swift */; };
		4395EA3021999E49004DD4A3 /* ApiResult.swift in Sources */ = {isa = PBXBuildFile; fileRef = 4395EA2F21999E49004DD4A3 /* ApiResult.swift */; };
		43EB3B5F21945C870052A90C /* Identifiable.swift in Sources */ = {isa = PBXBuildFile; fileRef = 43EB3B5E21945C870052A90C /* Identifiable.swift */; };
		43EB3B62219460DE0052A90C /* Attribute.swift in Sources */ = {isa = PBXBuildFile; fileRef = 43EB3B61219460DE0052A90C /* Attribute.swift */; };
		43EB3B65219462000052A90C /* EntityProfile.swift in Sources */ = {isa = PBXBuildFile; fileRef = 43EB3B64219462000052A90C /* EntityProfile.swift */; };
		43EB3B6B2194699C0052A90C /* AuditInfo.swift in Sources */ = {isa = PBXBuildFile; fileRef = 43EB3B6A2194699C0052A90C /* AuditInfo.swift */; };
		43EB3B71219477580052A90C /* UserLocator.swift in Sources */ = {isa = PBXBuildFile; fileRef = 43EB3B70219477580052A90C /* UserLocator.swift */; };
		43EB3B73219477B00052A90C /* VerificationStatus.swift in Sources */ = {isa = PBXBuildFile; fileRef = 43EB3B72219477B00052A90C /* VerificationStatus.swift */; };
		43EB3B75219478FB0052A90C /* Application.swift in Sources */ = {isa = PBXBuildFile; fileRef = 43EB3B74219478FB0052A90C /* Application.swift */; };
		43F42525219192D4007759F7 /* User.swift in Sources */ = {isa = PBXBuildFile; fileRef = 43F42524219192D4007759F7 /* User.swift */; };
		43F9A0762190476500CF6296 /* Mitter.h in Headers */ = {isa = PBXBuildFile; fileRef = 43F9A0742190476500CF6296 /* Mitter.h */; settings = {ATTRIBUTES = (Public, ); }; };
		43F9A07D2190477B00CF6296 /* Mitter.swift in Sources */ = {isa = PBXBuildFile; fileRef = 43F9A07C2190477B00CF6296 /* Mitter.swift */; };
/* End PBXBuildFile section */

/* Begin PBXFileReference section */
		431CF53C2195B79A002963F0 /* UserRemoteSource.swift */ = {isa = PBXFileReference; lastKnownFileType = sourcecode.swift; path = UserRemoteSource.swift; sourceTree = "<group>"; };
		431CF5402195B81E002963F0 /* UserRepositoryContract.swift */ = {isa = PBXFileReference; lastKnownFileType = sourcecode.swift; path = UserRepositoryContract.swift; sourceTree = "<group>"; };
		431CF5422195BA65002963F0 /* UserRepository.swift */ = {isa = PBXFileReference; lastKnownFileType = sourcecode.swift; path = UserRepository.swift; sourceTree = "<group>"; };
		431CF5462195BD20002963F0 /* UniParamAction.swift */ = {isa = PBXFileReference; lastKnownFileType = sourcecode.swift; path = UniParamAction.swift; sourceTree = "<group>"; };
		4320C5C8219EA9E7003C4B9F /* StandardPayloadTypeNames.swift */ = {isa = PBXFileReference; lastKnownFileType = sourcecode.swift; path = StandardPayloadTypeNames.swift; sourceTree = "<group>"; };
		4320C5CA219EAA37003C4B9F /* StandardMessageType.swift */ = {isa = PBXFileReference; lastKnownFileType = sourcecode.swift; path = StandardMessageType.swift; sourceTree = "<group>"; };
		4320C5CC219EAA87003C4B9F /* Message.swift */ = {isa = PBXFileReference; lastKnownFileType = sourcecode.swift; path = Message.swift; sourceTree = "<group>"; };
		4320C5CE219EABBB003C4B9F /* MessageDatum.swift */ = {isa = PBXFileReference; lastKnownFileType = sourcecode.swift; path = MessageDatum.swift; sourceTree = "<group>"; };
		4320C5D0219EACEB003C4B9F /* TimelineEvent.swift */ = {isa = PBXFileReference; lastKnownFileType = sourcecode.swift; path = TimelineEvent.swift; sourceTree = "<group>"; };
		4320C5D2219EBFA7003C4B9F /* StandardTimelineEventTypeNames.swift */ = {isa = PBXFileReference; lastKnownFileType = sourcecode.swift; path = StandardTimelineEventTypeNames.swift; sourceTree = "<group>"; };
		4320C5D8219EDE98003C4B9F /* AppliedAclList.swift */ = {isa = PBXFileReference; lastKnownFileType = sourcecode.swift; path = AppliedAclList.swift; sourceTree = "<group>"; };
		4320C5DA219EDFE5003C4B9F /* Metadata.swift */ = {isa = PBXFileReference; lastKnownFileType = sourcecode.swift; path = Metadata.swift; sourceTree = "<group>"; };
		4320C5DC219EE059003C4B9F /* EntityMetadata.swift */ = {isa = PBXFileReference; lastKnownFileType = sourcecode.swift; path = EntityMetadata.swift; sourceTree = "<group>"; };
		432C5028219D767B002A0EDA /* DeliveryEndpoint.swift */ = {isa = PBXFileReference; lastKnownFileType = sourcecode.swift; path = DeliveryEndpoint.swift; sourceTree = "<group>"; };
		432C502A219D78E6002A0EDA /* FcmDeliveryEndpoint.swift */ = {isa = PBXFileReference; lastKnownFileType = sourcecode.swift; path = FcmDeliveryEndpoint.swift; sourceTree = "<group>"; };
		432C502C219D7A87002A0EDA /* StandardEndpointTypes.swift */ = {isa = PBXFileReference; lastKnownFileType = sourcecode.swift; path = StandardEndpointTypes.swift; sourceTree = "<group>"; };
		432C502F219D90AC002A0EDA /* Wrap.swift */ = {isa = PBXFileReference; lastKnownFileType = sourcecode.swift; path = Wrap.swift; sourceTree = "<group>"; };
		432C5031219D9443002A0EDA /* BiParamAction.swift */ = {isa = PBXFileReference; lastKnownFileType = sourcecode.swift; path = BiParamAction.swift; sourceTree = "<group>"; };
		432C5033219D981E002A0EDA /* AddFcmDeliveryEndpointAction.swift */ = {isa = PBXFileReference; lastKnownFileType = sourcecode.swift; path = AddFcmDeliveryEndpointAction.swift; sourceTree = "<group>"; };
		432C5044219DA2FB002A0EDA /* NetworkLoggerPlugin.swift */ = {isa = PBXFileReference; lastKnownFileType = sourcecode.swift; path = NetworkLoggerPlugin.swift; sourceTree = "<group>"; };
		439198532191A815003A38FC /* ScreenName.swift */ = {isa = PBXFileReference; lastKnownFileType = sourcecode.swift; path = ScreenName.swift; sourceTree = "<group>"; };
		439198592191BC23003A38FC /* UserApiService.swift */ = {isa = PBXFileReference; lastKnownFileType = sourcecode.swift; path = UserApiService.swift; sourceTree = "<group>"; };
		4395023C219AF91300E9079C /* UserMetaDefaults.swift */ = {isa = PBXFileReference; lastKnownFileType = sourcecode.swift; path = UserMetaDefaults.swift; sourceTree = "<group>"; };
		4395023E219AF95500E9079C /* TokenDefaults.swift */ = {isa = PBXFileReference; lastKnownFileType = sourcecode.swift; path = TokenDefaults.swift; sourceTree = "<group>"; };
		43950240219AFB7100E9079C /* AuthToken.swift */ = {isa = PBXFileReference; lastKnownFileType = sourcecode.swift; path = AuthToken.swift; sourceTree = "<group>"; };
		43950242219AFBEF00E9079C /* LibDefaults.swift */ = {isa = PBXFileReference; lastKnownFileType = sourcecode.swift; path = LibDefaults.swift; sourceTree = "<group>"; };
		43950245219B0C7300E9079C /* ApiAuthPlugin.swift */ = {isa = PBXFileReference; lastKnownFileType = sourcecode.swift; path = ApiAuthPlugin.swift; sourceTree = "<group>"; };
		4395EA132199665C004DD4A3 /* FetchUserAction.swift */ = {isa = PBXFileReference; lastKnownFileType = sourcecode.swift; path = FetchUserAction.swift; sourceTree = "<group>"; };
		4395EA1721997B22004DD4A3 /* UserApiContainer.swift */ = {isa = PBXFileReference; lastKnownFileType = sourcecode.swift; path = UserApiContainer.swift; sourceTree = "<group>"; };
		4395EA1E21997E12004DD4A3 /* Constants.swift */ = {isa = PBXFileReference; lastKnownFileType = sourcecode.swift; path = Constants.swift; sourceTree = "<group>"; };
		4395EA20219989F0004DD4A3 /* Action.swift */ = {isa = PBXFileReference; lastKnownFileType = sourcecode.swift; path = Action.swift; sourceTree = "<group>"; };
		4395EA2F21999E49004DD4A3 /* ApiResult.swift */ = {isa = PBXFileReference; lastKnownFileType = sourcecode.swift; path = ApiResult.swift; sourceTree = "<group>"; };
		43EB3B5E21945C870052A90C /* Identifiable.swift */ = {isa = PBXFileReference; lastKnownFileType = sourcecode.swift; path = Identifiable.swift; sourceTree = "<group>"; };
		43EB3B61219460DE0052A90C /* Attribute.swift */ = {isa = PBXFileReference; lastKnownFileType = sourcecode.swift; path = Attribute.swift; sourceTree = "<group>"; };
		43EB3B64219462000052A90C /* EntityProfile.swift */ = {isa = PBXFileReference; lastKnownFileType = sourcecode.swift; path = EntityProfile.swift; sourceTree = "<group>"; };
		43EB3B6A2194699C0052A90C /* AuditInfo.swift */ = {isa = PBXFileReference; lastKnownFileType = sourcecode.swift; path = AuditInfo.swift; sourceTree = "<group>"; };
		43EB3B70219477580052A90C /* UserLocator.swift */ = {isa = PBXFileReference; lastKnownFileType = sourcecode.swift; path = UserLocator.swift; sourceTree = "<group>"; };
		43EB3B72219477B00052A90C /* VerificationStatus.swift */ = {isa = PBXFileReference; lastKnownFileType = sourcecode.swift; path = VerificationStatus.swift; sourceTree = "<group>"; };
		43EB3B74219478FB0052A90C /* Application.swift */ = {isa = PBXFileReference; lastKnownFileType = sourcecode.swift; path = Application.swift; sourceTree = "<group>"; };
		43F42524219192D4007759F7 /* User.swift */ = {isa = PBXFileReference; lastKnownFileType = sourcecode.swift; path = User.swift; sourceTree = "<group>"; };
		43F9A0712190476500CF6296 /* Mitter.framework */ = {isa = PBXFileReference; explicitFileType = wrapper.framework; includeInIndex = 0; path = Mitter.framework; sourceTree = BUILT_PRODUCTS_DIR; };
		43F9A0742190476500CF6296 /* Mitter.h */ = {isa = PBXFileReference; lastKnownFileType = sourcecode.c.h; path = Mitter.h; sourceTree = "<group>"; };
		43F9A0752190476500CF6296 /* Info.plist */ = {isa = PBXFileReference; lastKnownFileType = text.plist.xml; path = Info.plist; sourceTree = "<group>"; };
		43F9A07C2190477B00CF6296 /* Mitter.swift */ = {isa = PBXFileReference; lastKnownFileType = sourcecode.swift; path = Mitter.swift; sourceTree = "<group>"; };
		7B72975E87A88E8A7E7A5CA2 /* Pods-Mitter.release.xcconfig */ = {isa = PBXFileReference; includeInIndex = 1; lastKnownFileType = text.xcconfig; name = "Pods-Mitter.release.xcconfig"; path = "Pods/Target Support Files/Pods-Mitter/Pods-Mitter.release.xcconfig"; sourceTree = "<group>"; };
		BD097D8917BABEDAAB9CF295 /* Pods-Mitter.debug.xcconfig */ = {isa = PBXFileReference; includeInIndex = 1; lastKnownFileType = text.xcconfig; name = "Pods-Mitter.debug.xcconfig"; path = "Pods/Target Support Files/Pods-Mitter/Pods-Mitter.debug.xcconfig"; sourceTree = "<group>"; };
		D03DA1590C2BF3411E86D67B /* Pods_Mitter.framework */ = {isa = PBXFileReference; explicitFileType = wrapper.framework; includeInIndex = 0; path = Pods_Mitter.framework; sourceTree = BUILT_PRODUCTS_DIR; };
/* End PBXFileReference section */

/* Begin PBXFrameworksBuildPhase section */
		43F9A06E2190476500CF6296 /* Frameworks */ = {
			isa = PBXFrameworksBuildPhase;
			buildActionMask = 2147483647;
			files = (
				26BA130DBC01858B0A4E6F55 /* Pods_Mitter.framework in Frameworks */,
			);
			runOnlyForDeploymentPostprocessing = 0;
		};
/* End PBXFrameworksBuildPhase section */

/* Begin PBXGroup section */
		0009B39D9CAAAE3F3C2BBBF7 /* Frameworks */ = {
			isa = PBXGroup;
			children = (
				D03DA1590C2BF3411E86D67B /* Pods_Mitter.framework */,
			);
			name = Frameworks;
			sourceTree = "<group>";
		};
		108A15D0B07A02963454A3D4 /* Pods */ = {
			isa = PBXGroup;
			children = (
				BD097D8917BABEDAAB9CF295 /* Pods-Mitter.debug.xcconfig */,
				7B72975E87A88E8A7E7A5CA2 /* Pods-Mitter.release.xcconfig */,
			);
			name = Pods;
			sourceTree = "<group>";
		};
		431CF53E2195B7F5002963F0 /* Repository */ = {
			isa = PBXGroup;
			children = (
				431CF53F2195B807002963F0 /* User */,
			);
			path = Repository;
			sourceTree = "<group>";
		};
		431CF53F2195B807002963F0 /* User */ = {
			isa = PBXGroup;
			children = (
				431CF5402195B81E002963F0 /* UserRepositoryContract.swift */,
				431CF5422195BA65002963F0 /* UserRepository.swift */,
			);
			path = User;
			sourceTree = "<group>";
		};
		431CF5442195BCFA002963F0 /* Domain */ = {
			isa = PBXGroup;
			children = (
				4395EA2E21999E01004DD4A3 /* Model */,
				4395EA1221996643004DD4A3 /* User */,
				431CF5452195BD03002963F0 /* Base */,
			);
			path = Domain;
			sourceTree = "<group>";
		};
		431CF5452195BD03002963F0 /* Base */ = {
			isa = PBXGroup;
			children = (
				431CF5462195BD20002963F0 /* UniParamAction.swift */,
				4395EA20219989F0004DD4A3 /* Action.swift */,
				432C5031219D9443002A0EDA /* BiParamAction.swift */,
			);
			path = Base;
			sourceTree = "<group>";
		};
		4320C5C6219EA9CE003C4B9F /* Mardle */ = {
			isa = PBXGroup;
			children = (
				4320C5C7219EA9D9003C4B9F /* Messaging */,
			);
			path = Mardle;
			sourceTree = "<group>";
		};
		4320C5C7219EA9D9003C4B9F /* Messaging */ = {
			isa = PBXGroup;
			children = (
				4320C5C8219EA9E7003C4B9F /* StandardPayloadTypeNames.swift */,
				4320C5CA219EAA37003C4B9F /* StandardMessageType.swift */,
				4320C5CC219EAA87003C4B9F /* Message.swift */,
				4320C5CE219EABBB003C4B9F /* MessageDatum.swift */,
				4320C5D0219EACEB003C4B9F /* TimelineEvent.swift */,
				4320C5D2219EBFA7003C4B9F /* StandardTimelineEventTypeNames.swift */,
			);
			path = Messaging;
			sourceTree = "<group>";
		};
		4320C5D7219EDE8D003C4B9F /* Acolyte */ = {
			isa = PBXGroup;
			children = (
				4320C5D8219EDE98003C4B9F /* AppliedAclList.swift */,
			);
			path = Acolyte;
			sourceTree = "<group>";
		};
		432C5027219D7667002A0EDA /* Delman */ = {
			isa = PBXGroup;
			children = (
				432C5028219D767B002A0EDA /* DeliveryEndpoint.swift */,
				432C502A219D78E6002A0EDA /* FcmDeliveryEndpoint.swift */,
				432C502C219D7A87002A0EDA /* StandardEndpointTypes.swift */,
			);
			path = Delman;
			sourceTree = "<group>";
		};
		432C502E219D9099002A0EDA /* Coding */ = {
			isa = PBXGroup;
			children = (
				432C502F219D90AC002A0EDA /* Wrap.swift */,
			);
			path = Coding;
			sourceTree = "<group>";
		};
		439198552191BBD8003A38FC /* Data */ = {
			isa = PBXGroup;
			children = (
				439198562191BBDD003A38FC /* Source */,
			);
			path = Data;
			sourceTree = "<group>";
		};
		439198562191BBDD003A38FC /* Source */ = {
			isa = PBXGroup;
			children = (
				4395023A219AF86C00E9079C /* Local */,
				439198572191BBE4003A38FC /* Remote */,
			);
			path = Source;
			sourceTree = "<group>";
		};
		439198572191BBE4003A38FC /* Remote */ = {
			isa = PBXGroup;
			children = (
				439198582191BBEA003A38FC /* User */,
			);
			path = Remote;
			sourceTree = "<group>";
		};
		439198582191BBEA003A38FC /* User */ = {
			isa = PBXGroup;
			children = (
				439198592191BC23003A38FC /* UserApiService.swift */,
				431CF53C2195B79A002963F0 /* UserRemoteSource.swift */,
			);
			path = User;
			sourceTree = "<group>";
		};
		4395023A219AF86C00E9079C /* Local */ = {
			isa = PBXGroup;
			children = (
				4395023B219AF87700E9079C /* Defaults */,
			);
			path = Local;
			sourceTree = "<group>";
		};
		4395023B219AF87700E9079C /* Defaults */ = {
			isa = PBXGroup;
			children = (
				4395023C219AF91300E9079C /* UserMetaDefaults.swift */,
				4395023E219AF95500E9079C /* TokenDefaults.swift */,
				43950242219AFBEF00E9079C /* LibDefaults.swift */,
			);
			path = Defaults;
			sourceTree = "<group>";
		};
		43950244219B0C5000E9079C /* Network */ = {
			isa = PBXGroup;
			children = (
				43950245219B0C7300E9079C /* ApiAuthPlugin.swift */,
				432C5044219DA2FB002A0EDA /* NetworkLoggerPlugin.swift */,
			);
			path = Network;
			sourceTree = "<group>";
		};
		4395EA1221996643004DD4A3 /* User */ = {
			isa = PBXGroup;
			children = (
				4395EA132199665C004DD4A3 /* FetchUserAction.swift */,
				432C5033219D981E002A0EDA /* AddFcmDeliveryEndpointAction.swift */,
			);
			path = User;
			sourceTree = "<group>";
		};
		4395EA1521997AE2004DD4A3 /* Injection */ = {
			isa = PBXGroup;
			children = (
				4395EA1621997B09004DD4A3 /* User */,
			);
			path = Injection;
			sourceTree = "<group>";
		};
		4395EA1621997B09004DD4A3 /* User */ = {
			isa = PBXGroup;
			children = (
				4395EA1721997B22004DD4A3 /* UserApiContainer.swift */,
			);
			path = User;
			sourceTree = "<group>";
		};
		4395EA1C21997DE4004DD4A3 /* Util */ = {
			isa = PBXGroup;
			children = (
				432C502E219D9099002A0EDA /* Coding */,
				43950244219B0C5000E9079C /* Network */,
				4395EA1D21997DFC004DD4A3 /* Constant */,
			);
			path = Util;
			sourceTree = "<group>";
		};
		4395EA1D21997DFC004DD4A3 /* Constant */ = {
			isa = PBXGroup;
			children = (
				4395EA1E21997E12004DD4A3 /* Constants.swift */,
			);
			path = Constant;
			sourceTree = "<group>";
		};
		4395EA2E21999E01004DD4A3 /* Model */ = {
			isa = PBXGroup;
			children = (
				4395EA2F21999E49004DD4A3 /* ApiResult.swift */,
				43950240219AFB7100E9079C /* AuthToken.swift */,
			);
			path = Model;
			sourceTree = "<group>";
		};
		43EB3B5D21945C6F0052A90C /* Annotations */ = {
			isa = PBXGroup;
			children = (
				43EB3B5E21945C870052A90C /* Identifiable.swift */,
			);
			path = Annotations;
			sourceTree = "<group>";
		};
		43EB3B60219460CA0052A90C /* Entity */ = {
			isa = PBXGroup;
			children = (
				43EB3B61219460DE0052A90C /* Attribute.swift */,
				43EB3B64219462000052A90C /* EntityProfile.swift */,
				4320C5DA219EDFE5003C4B9F /* Metadata.swift */,
				4320C5DC219EE059003C4B9F /* EntityMetadata.swift */,
			);
			path = Entity;
			sourceTree = "<group>";
		};
		43EB3B69219469870052A90C /* Commons */ = {
			isa = PBXGroup;
			children = (
				43EB3B6A2194699C0052A90C /* AuditInfo.swift */,
			);
			path = Commons;
			sourceTree = "<group>";
		};
		43EB3B6F219477340052A90C /* Locators */ = {
			isa = PBXGroup;
			children = (
				43EB3B70219477580052A90C /* UserLocator.swift */,
			);
			path = Locators;
			sourceTree = "<group>";
		};
		43F4252021919255007759F7 /* Models */ = {
			isa = PBXGroup;
			children = (
				4320C5D7219EDE8D003C4B9F /* Acolyte */,
				4320C5C6219EA9CE003C4B9F /* Mardle */,
				432C5027219D7667002A0EDA /* Delman */,
				43EB3B69219469870052A90C /* Commons */,
				43F42521219192A1007759F7 /* Data */,
			);
			path = Models;
			sourceTree = "<group>";
		};
		43F42521219192A1007759F7 /* Data */ = {
			isa = PBXGroup;
			children = (
				43F42522219192B9007759F7 /* Domain */,
			);
			path = Data;
			sourceTree = "<group>";
		};
		43F42522219192B9007759F7 /* Domain */ = {
			isa = PBXGroup;
			children = (
				43EB3B60219460CA0052A90C /* Entity */,
				43EB3B5D21945C6F0052A90C /* Annotations */,
				43F42523219192C4007759F7 /* User */,
				43EB3B74219478FB0052A90C /* Application.swift */,
			);
			path = Domain;
			sourceTree = "<group>";
		};
		43F42523219192C4007759F7 /* User */ = {
			isa = PBXGroup;
			children = (
				43EB3B6F219477340052A90C /* Locators */,
				43F42524219192D4007759F7 /* User.swift */,
				439198532191A815003A38FC /* ScreenName.swift */,
				43EB3B72219477B00052A90C /* VerificationStatus.swift */,
			);
			path = User;
			sourceTree = "<group>";
		};
		43F9A0672190476500CF6296 = {
			isa = PBXGroup;
			children = (
				43F9A0732190476500CF6296 /* Mitter */,
				43F9A0722190476500CF6296 /* Products */,
				108A15D0B07A02963454A3D4 /* Pods */,
				0009B39D9CAAAE3F3C2BBBF7 /* Frameworks */,
			);
			sourceTree = "<group>";
		};
		43F9A0722190476500CF6296 /* Products */ = {
			isa = PBXGroup;
			children = (
				43F9A0712190476500CF6296 /* Mitter.framework */,
			);
			name = Products;
			sourceTree = "<group>";
		};
		43F9A0732190476500CF6296 /* Mitter */ = {
			isa = PBXGroup;
			children = (
				4395EA1C21997DE4004DD4A3 /* Util */,
				4395EA1521997AE2004DD4A3 /* Injection */,
				431CF5442195BCFA002963F0 /* Domain */,
				431CF53E2195B7F5002963F0 /* Repository */,
				439198552191BBD8003A38FC /* Data */,
				43F4252021919255007759F7 /* Models */,
				43F9A0742190476500CF6296 /* Mitter.h */,
				43F9A0752190476500CF6296 /* Info.plist */,
				43F9A07C2190477B00CF6296 /* Mitter.swift */,
			);
			path = Mitter;
			sourceTree = "<group>";
		};
/* End PBXGroup section */

/* Begin PBXHeadersBuildPhase section */
		43F9A06C2190476500CF6296 /* Headers */ = {
			isa = PBXHeadersBuildPhase;
			buildActionMask = 2147483647;
			files = (
				43F9A0762190476500CF6296 /* Mitter.h in Headers */,
			);
			runOnlyForDeploymentPostprocessing = 0;
		};
/* End PBXHeadersBuildPhase section */

/* Begin PBXNativeTarget section */
		43F9A0702190476500CF6296 /* Mitter */ = {
			isa = PBXNativeTarget;
			buildConfigurationList = 43F9A0792190476500CF6296 /* Build configuration list for PBXNativeTarget "Mitter" */;
			buildPhases = (
				EE8C9EB0BA9C187C04DC60C2 /* [CP] Check Pods Manifest.lock */,
				43F9A06C2190476500CF6296 /* Headers */,
				43F9A06D2190476500CF6296 /* Sources */,
				43F9A06E2190476500CF6296 /* Frameworks */,
				43F9A06F2190476500CF6296 /* Resources */,
			);
			buildRules = (
			);
			dependencies = (
			);
			name = Mitter;
			productName = Mitter;
			productReference = 43F9A0712190476500CF6296 /* Mitter.framework */;
			productType = "com.apple.product-type.framework";
		};
/* End PBXNativeTarget section */

/* Begin PBXProject section */
		43F9A0682190476500CF6296 /* Project object */ = {
			isa = PBXProject;
			attributes = {
				LastUpgradeCheck = 1010;
				ORGANIZATIONNAME = "Chronosphere Technologies Pvt. Ltd.";
				TargetAttributes = {
					43F9A0702190476500CF6296 = {
						CreatedOnToolsVersion = 10.1;
						LastSwiftMigration = 1010;
					};
				};
			};
			buildConfigurationList = 43F9A06B2190476500CF6296 /* Build configuration list for PBXProject "Mitter" */;
			compatibilityVersion = "Xcode 9.3";
			developmentRegion = en;
			hasScannedForEncodings = 0;
			knownRegions = (
				en,
			);
			mainGroup = 43F9A0672190476500CF6296;
			productRefGroup = 43F9A0722190476500CF6296 /* Products */;
			projectDirPath = "";
			projectRoot = "";
			targets = (
				43F9A0702190476500CF6296 /* Mitter */,
			);
		};
/* End PBXProject section */

/* Begin PBXResourcesBuildPhase section */
		43F9A06F2190476500CF6296 /* Resources */ = {
			isa = PBXResourcesBuildPhase;
			buildActionMask = 2147483647;
			files = (
			);
			runOnlyForDeploymentPostprocessing = 0;
		};
/* End PBXResourcesBuildPhase section */

/* Begin PBXShellScriptBuildPhase section */
		EE8C9EB0BA9C187C04DC60C2 /* [CP] Check Pods Manifest.lock */ = {
			isa = PBXShellScriptBuildPhase;
			buildActionMask = 2147483647;
			files = (
			);
			inputFileListPaths = (
			);
			inputPaths = (
				"${PODS_PODFILE_DIR_PATH}/Podfile.lock",
				"${PODS_ROOT}/Manifest.lock",
			);
			name = "[CP] Check Pods Manifest.lock";
			outputFileListPaths = (
			);
			outputPaths = (
				"$(DERIVED_FILE_DIR)/Pods-Mitter-checkManifestLockResult.txt",
			);
			runOnlyForDeploymentPostprocessing = 0;
			shellPath = /bin/sh;
			shellScript = "diff \"${PODS_PODFILE_DIR_PATH}/Podfile.lock\" \"${PODS_ROOT}/Manifest.lock\" > /dev/null\nif [ $? != 0 ] ; then\n    # print error to STDERR\n    echo \"error: The sandbox is not in sync with the Podfile.lock. Run 'pod install' or update your CocoaPods installation.\" >&2\n    exit 1\nfi\n# This output is used by Xcode 'outputs' to avoid re-running this script phase.\necho \"SUCCESS\" > \"${SCRIPT_OUTPUT_FILE_0}\"\n";
			showEnvVarsInLog = 0;
		};
/* End PBXShellScriptBuildPhase section */

/* Begin PBXSourcesBuildPhase section */
		43F9A06D2190476500CF6296 /* Sources */ = {
			isa = PBXSourcesBuildPhase;
			buildActionMask = 2147483647;
			files = (
				43EB3B62219460DE0052A90C /* Attribute.swift in Sources */,
				4395023D219AF91300E9079C /* UserMetaDefaults.swift in Sources */,
				4320C5DB219EDFE5003C4B9F /* Metadata.swift in Sources */,
				4395EA21219989F0004DD4A3 /* Action.swift in Sources */,
				4320C5D9219EDE98003C4B9F /* AppliedAclList.swift in Sources */,
				439198542191A815003A38FC /* ScreenName.swift in Sources */,
				43EB3B75219478FB0052A90C /* Application.swift in Sources */,
				43950241219AFB7100E9079C /* AuthToken.swift in Sources */,
				43EB3B73219477B00052A90C /* VerificationStatus.swift in Sources */,
				432C502B219D78E6002A0EDA /* FcmDeliveryEndpoint.swift in Sources */,
				43EB3B65219462000052A90C /* EntityProfile.swift in Sources */,
				4395EA3021999E49004DD4A3 /* ApiResult.swift in Sources */,
				4320C5CB219EAA37003C4B9F /* StandardMessageType.swift in Sources */,
				4395023F219AF95500E9079C /* TokenDefaults.swift in Sources */,
				431CF5412195B81E002963F0 /* UserRepositoryContract.swift in Sources */,
				4395EA1F21997E12004DD4A3 /* Constants.swift in Sources */,
				432C5045219DA2FB002A0EDA /* NetworkLoggerPlugin.swift in Sources */,
				4391985A2191BC23003A38FC /* UserApiService.swift in Sources */,
				4395EA142199665C004DD4A3 /* FetchUserAction.swift in Sources */,
				43F42525219192D4007759F7 /* User.swift in Sources */,
				43EB3B71219477580052A90C /* UserLocator.swift in Sources */,
				432C5030219D90AC002A0EDA /* Wrap.swift in Sources */,
				432C502D219D7A87002A0EDA /* StandardEndpointTypes.swift in Sources */,
				4320C5DD219EE059003C4B9F /* EntityMetadata.swift in Sources */,
				43EB3B6B2194699C0052A90C /* AuditInfo.swift in Sources */,
				431CF5432195BA65002963F0 /* UserRepository.swift in Sources */,
				432C5029219D767B002A0EDA /* DeliveryEndpoint.swift in Sources */,
				432C5032219D9443002A0EDA /* BiParamAction.swift in Sources */,
				4320C5C9219EA9E7003C4B9F /* StandardPayloadTypeNames.swift in Sources */,
				431CF53D2195B79A002963F0 /* UserRemoteSource.swift in Sources */,
				4320C5CD219EAA87003C4B9F /* Message.swift in Sources */,
				43950243219AFBEF00E9079C /* LibDefaults.swift in Sources */,
				43EB3B5F21945C870052A90C /* Identifiable.swift in Sources */,
				4395EA1821997B22004DD4A3 /* UserApiContainer.swift in Sources */,
				43950246219B0C7300E9079C /* ApiAuthPlugin.swift in Sources */,
				4320C5D1219EACEB003C4B9F /* TimelineEvent.swift in Sources */,
				431CF5472195BD20002963F0 /* UniParamAction.swift in Sources */,
				4320C5CF219EABBB003C4B9F /* MessageDatum.swift in Sources */,
				4320C5D3219EBFA7003C4B9F /* StandardTimelineEventTypeNames.swift in Sources */,
				432C5034219D981E002A0EDA /* AddFcmDeliveryEndpointAction.swift in Sources */,
				43F9A07D2190477B00CF6296 /* Mitter.swift in Sources */,
			);
			runOnlyForDeploymentPostprocessing = 0;
		};
/* End PBXSourcesBuildPhase section */

/* Begin XCBuildConfiguration section */
		43F9A0772190476500CF6296 /* Debug */ = {
			isa = XCBuildConfiguration;
			buildSettings = {
				ALWAYS_SEARCH_USER_PATHS = NO;
				CLANG_ANALYZER_NONNULL = YES;
				CLANG_ANALYZER_NUMBER_OBJECT_CONVERSION = YES_AGGRESSIVE;
				CLANG_CXX_LANGUAGE_STANDARD = "gnu++14";
				CLANG_CXX_LIBRARY = "libc++";
				CLANG_ENABLE_MODULES = YES;
				CLANG_ENABLE_OBJC_ARC = YES;
				CLANG_ENABLE_OBJC_WEAK = YES;
				CLANG_WARN_BLOCK_CAPTURE_AUTORELEASING = YES;
				CLANG_WARN_BOOL_CONVERSION = YES;
				CLANG_WARN_COMMA = YES;
				CLANG_WARN_CONSTANT_CONVERSION = YES;
				CLANG_WARN_DEPRECATED_OBJC_IMPLEMENTATIONS = YES;
				CLANG_WARN_DIRECT_OBJC_ISA_USAGE = YES_ERROR;
				CLANG_WARN_DOCUMENTATION_COMMENTS = YES;
				CLANG_WARN_EMPTY_BODY = YES;
				CLANG_WARN_ENUM_CONVERSION = YES;
				CLANG_WARN_INFINITE_RECURSION = YES;
				CLANG_WARN_INT_CONVERSION = YES;
				CLANG_WARN_NON_LITERAL_NULL_CONVERSION = YES;
				CLANG_WARN_OBJC_IMPLICIT_RETAIN_SELF = YES;
				CLANG_WARN_OBJC_LITERAL_CONVERSION = YES;
				CLANG_WARN_OBJC_ROOT_CLASS = YES_ERROR;
				CLANG_WARN_RANGE_LOOP_ANALYSIS = YES;
				CLANG_WARN_STRICT_PROTOTYPES = YES;
				CLANG_WARN_SUSPICIOUS_MOVE = YES;
				CLANG_WARN_UNGUARDED_AVAILABILITY = YES_AGGRESSIVE;
				CLANG_WARN_UNREACHABLE_CODE = YES;
				CLANG_WARN__DUPLICATE_METHOD_MATCH = YES;
				CODE_SIGN_IDENTITY = "iPhone Developer";
				COPY_PHASE_STRIP = NO;
				CURRENT_PROJECT_VERSION = 1;
				DEBUG_INFORMATION_FORMAT = dwarf;
				ENABLE_STRICT_OBJC_MSGSEND = YES;
				ENABLE_TESTABILITY = YES;
				GCC_C_LANGUAGE_STANDARD = gnu11;
				GCC_DYNAMIC_NO_PIC = NO;
				GCC_NO_COMMON_BLOCKS = YES;
				GCC_OPTIMIZATION_LEVEL = 0;
				GCC_PREPROCESSOR_DEFINITIONS = (
					"DEBUG=1",
					"$(inherited)",
				);
				GCC_WARN_64_TO_32_BIT_CONVERSION = YES;
				GCC_WARN_ABOUT_RETURN_TYPE = YES_ERROR;
				GCC_WARN_UNDECLARED_SELECTOR = YES;
				GCC_WARN_UNINITIALIZED_AUTOS = YES_AGGRESSIVE;
				GCC_WARN_UNUSED_FUNCTION = YES;
				GCC_WARN_UNUSED_VARIABLE = YES;
				IPHONEOS_DEPLOYMENT_TARGET = 12.1;
				MTL_ENABLE_DEBUG_INFO = INCLUDE_SOURCE;
				MTL_FAST_MATH = YES;
				ONLY_ACTIVE_ARCH = YES;
				SDKROOT = iphoneos;
				SWIFT_ACTIVE_COMPILATION_CONDITIONS = DEBUG;
				SWIFT_OPTIMIZATION_LEVEL = "-Onone";
				VERSIONING_SYSTEM = "apple-generic";
				VERSION_INFO_PREFIX = "";
			};
			name = Debug;
		};
		43F9A0782190476500CF6296 /* Release */ = {
			isa = XCBuildConfiguration;
			buildSettings = {
				ALWAYS_SEARCH_USER_PATHS = NO;
				CLANG_ANALYZER_NONNULL = YES;
				CLANG_ANALYZER_NUMBER_OBJECT_CONVERSION = YES_AGGRESSIVE;
				CLANG_CXX_LANGUAGE_STANDARD = "gnu++14";
				CLANG_CXX_LIBRARY = "libc++";
				CLANG_ENABLE_MODULES = YES;
				CLANG_ENABLE_OBJC_ARC = YES;
				CLANG_ENABLE_OBJC_WEAK = YES;
				CLANG_WARN_BLOCK_CAPTURE_AUTORELEASING = YES;
				CLANG_WARN_BOOL_CONVERSION = YES;
				CLANG_WARN_COMMA = YES;
				CLANG_WARN_CONSTANT_CONVERSION = YES;
				CLANG_WARN_DEPRECATED_OBJC_IMPLEMENTATIONS = YES;
				CLANG_WARN_DIRECT_OBJC_ISA_USAGE = YES_ERROR;
				CLANG_WARN_DOCUMENTATION_COMMENTS = YES;
				CLANG_WARN_EMPTY_BODY = YES;
				CLANG_WARN_ENUM_CONVERSION = YES;
				CLANG_WARN_INFINITE_RECURSION = YES;
				CLANG_WARN_INT_CONVERSION = YES;
				CLANG_WARN_NON_LITERAL_NULL_CONVERSION = YES;
				CLANG_WARN_OBJC_IMPLICIT_RETAIN_SELF = YES;
				CLANG_WARN_OBJC_LITERAL_CONVERSION = YES;
				CLANG_WARN_OBJC_ROOT_CLASS = YES_ERROR;
				CLANG_WARN_RANGE_LOOP_ANALYSIS = YES;
				CLANG_WARN_STRICT_PROTOTYPES = YES;
				CLANG_WARN_SUSPICIOUS_MOVE = YES;
				CLANG_WARN_UNGUARDED_AVAILABILITY = YES_AGGRESSIVE;
				CLANG_WARN_UNREACHABLE_CODE = YES;
				CLANG_WARN__DUPLICATE_METHOD_MATCH = YES;
				CODE_SIGN_IDENTITY = "iPhone Developer";
				COPY_PHASE_STRIP = NO;
				CURRENT_PROJECT_VERSION = 1;
				DEBUG_INFORMATION_FORMAT = "dwarf-with-dsym";
				ENABLE_NS_ASSERTIONS = NO;
				ENABLE_STRICT_OBJC_MSGSEND = YES;
				GCC_C_LANGUAGE_STANDARD = gnu11;
				GCC_NO_COMMON_BLOCKS = YES;
				GCC_WARN_64_TO_32_BIT_CONVERSION = YES;
				GCC_WARN_ABOUT_RETURN_TYPE = YES_ERROR;
				GCC_WARN_UNDECLARED_SELECTOR = YES;
				GCC_WARN_UNINITIALIZED_AUTOS = YES_AGGRESSIVE;
				GCC_WARN_UNUSED_FUNCTION = YES;
				GCC_WARN_UNUSED_VARIABLE = YES;
				IPHONEOS_DEPLOYMENT_TARGET = 12.1;
				MTL_ENABLE_DEBUG_INFO = NO;
				MTL_FAST_MATH = YES;
				SDKROOT = iphoneos;
				SWIFT_COMPILATION_MODE = wholemodule;
				SWIFT_OPTIMIZATION_LEVEL = "-O";
				VALIDATE_PRODUCT = YES;
				VERSIONING_SYSTEM = "apple-generic";
				VERSION_INFO_PREFIX = "";
			};
			name = Release;
		};
		43F9A07A2190476500CF6296 /* Debug */ = {
			isa = XCBuildConfiguration;
			baseConfigurationReference = BD097D8917BABEDAAB9CF295 /* Pods-Mitter.debug.xcconfig */;
			buildSettings = {
				CLANG_ENABLE_MODULES = YES;
				CODE_SIGN_IDENTITY = "";
				CODE_SIGN_STYLE = Automatic;
				DEFINES_MODULE = YES;
				DEVELOPMENT_TEAM = Z7368TPQU7;
				DYLIB_COMPATIBILITY_VERSION = 1;
				DYLIB_CURRENT_VERSION = 1;
				DYLIB_INSTALL_NAME_BASE = "@rpath";
				INFOPLIST_FILE = Mitter/Info.plist;
				INSTALL_PATH = "$(LOCAL_LIBRARY_DIR)/Frameworks";
				LD_RUNPATH_SEARCH_PATHS = (
					"$(inherited)",
					"@executable_path/Frameworks",
					"@loader_path/Frameworks",
				);
				PRODUCT_BUNDLE_IDENTIFIER = io.mitter.ios;
				PRODUCT_NAME = "$(TARGET_NAME:c99extidentifier)";
				SKIP_INSTALL = YES;
				SWIFT_OPTIMIZATION_LEVEL = "-Onone";
				SWIFT_VERSION = 4.2;
				TARGETED_DEVICE_FAMILY = "1,2";
			};
			name = Debug;
		};
		43F9A07B2190476500CF6296 /* Release */ = {
			isa = XCBuildConfiguration;
			baseConfigurationReference = 7B72975E87A88E8A7E7A5CA2 /* Pods-Mitter.release.xcconfig */;
			buildSettings = {
				CLANG_ENABLE_MODULES = YES;
				CODE_SIGN_IDENTITY = "";
				CODE_SIGN_STYLE = Automatic;
				DEFINES_MODULE = YES;
				DEVELOPMENT_TEAM = Z7368TPQU7;
				DYLIB_COMPATIBILITY_VERSION = 1;
				DYLIB_CURRENT_VERSION = 1;
				DYLIB_INSTALL_NAME_BASE = "@rpath";
				INFOPLIST_FILE = Mitter/Info.plist;
				INSTALL_PATH = "$(LOCAL_LIBRARY_DIR)/Frameworks";
				LD_RUNPATH_SEARCH_PATHS = (
					"$(inherited)",
					"@executable_path/Frameworks",
					"@loader_path/Frameworks",
				);
				PRODUCT_BUNDLE_IDENTIFIER = io.mitter.ios;
				PRODUCT_NAME = "$(TARGET_NAME:c99extidentifier)";
				SKIP_INSTALL = YES;
				SWIFT_VERSION = 4.2;
				TARGETED_DEVICE_FAMILY = "1,2";
			};
			name = Release;
		};
/* End XCBuildConfiguration section */

/* Begin XCConfigurationList section */
		43F9A06B2190476500CF6296 /* Build configuration list for PBXProject "Mitter" */ = {
			isa = XCConfigurationList;
			buildConfigurations = (
				43F9A0772190476500CF6296 /* Debug */,
				43F9A0782190476500CF6296 /* Release */,
			);
			defaultConfigurationIsVisible = 0;
			defaultConfigurationName = Release;
		};
		43F9A0792190476500CF6296 /* Build configuration list for PBXNativeTarget "Mitter" */ = {
			isa = XCConfigurationList;
			buildConfigurations = (
				43F9A07A2190476500CF6296 /* Debug */,
				43F9A07B2190476500CF6296 /* Release */,
			);
			defaultConfigurationIsVisible = 0;
			defaultConfigurationName = Release;
		};
/* End XCConfigurationList section */
	};
	rootObject = 43F9A0682190476500CF6296 /* Project object */;
}
